
Microsoft Visual Studio Solution File, Format Version 12.00
# Visual Studio Version 17
VisualStudioVersion = 17.7.34009.444
MinimumVisualStudioVersion = 10.0.40219.1
Project("{FAE04EC0-301F-11D3-BF4B-00C04F79EFBC}") = "MyExpenses", "MyExpenses.csproj", "{B064D8D2-7B24-4435-9654-0270AB150F59}"
EndProject
Global
	GlobalSection(SolutionConfigurationPlatforms) = preSolution
		Debug|Any CPU = Debug|Any CPU
		Release|Any CPU = Release|Any CPU
	EndGlobalSection
	GlobalSection(ProjectConfigurationPlatforms) = postSolution
		{B064D8D2-7B24-4435-9654-0270AB150F59}.Debug|Any CPU.ActiveCfg = Debug|Any CPU
		{B064D8D2-7B24-4435-9654-0270AB150F59}.Debug|Any CPU.Build.0 = Debug|Any CPU
		{B064D8D2-7B24-4435-9654-0270AB150F59}.Release|Any CPU.ActiveCfg = Release|Any CPU
		{B064D8D2-7B24-4435-9654-0270AB150F59}.Release|Any CPU.Build.0 = Release|Any CPU
	EndGlobalSection
	GlobalSection(SolutionProperties) = preSolution
		HideSolutionNode = FALSE
	EndGlobalSection
	GlobalSection(ExtensibilityGlobals) = postSolution
		SolutionGuid = {D7FBB150-CE0C-4F3E-B1A4-52139D75BF56}
	EndGlobalSection
EndGlobal
